
Microsoft Visual Studio Solution File, Format Version 12.00
# Visual Studio 2013
VisualStudioVersion = 12.0.21005.1
MinimumVisualStudioVersion = 10.0.40219.1
Project("{FAE04EC0-301F-11D3-BF4B-00C04F79EFBC}") = "TeraRecon", "TeraRecon\TeraRecon.csproj", "{B20452B4-F399-465A-A840-4266E964A3FE}"
EndProject
Project("{FAE04EC0-301F-11D3-BF4B-00C04F79EFBC}") = "TeraRecon.Tests", "TeraRecon.Tests\TeraRecon.Tests.csproj", "{F11007AD-D5A6-48AF-9832-870EB9DDEE0F}"
EndProject
Global
	GlobalSection(SolutionConfigurationPlatforms) = preSolution
		Debug|Any CPU = Debug|Any CPU
		Release|Any CPU = Release|Any CPU
	EndGlobalSection
	GlobalSection(ProjectConfigurationPlatforms) = postSolution
		{B20452B4-F399-465A-A840-4266E964A3FE}.Debug|Any CPU.ActiveCfg = Debug|Any CPU
		{B20452B4-F399-465A-A840-4266E964A3FE}.Debug|Any CPU.Build.0 = Debug|Any CPU
		{B20452B4-F399-465A-A840-4266E964A3FE}.Release|Any CPU.ActiveCfg = Release|Any CPU
		{B20452B4-F399-465A-A840-4266E964A3FE}.Release|Any CPU.Build.0 = Release|Any CPU
		{F11007AD-D5A6-48AF-9832-870EB9DDEE0F}.Debug|Any CPU.ActiveCfg = Debug|Any CPU
		{F11007AD-D5A6-48AF-9832-870EB9DDEE0F}.Debug|Any CPU.Build.0 = Debug|Any CPU
		{F11007AD-D5A6-48AF-9832-870EB9DDEE0F}.Release|Any CPU.ActiveCfg = Release|Any CPU
		{F11007AD-D5A6-48AF-9832-870EB9DDEE0F}.Release|Any CPU.Build.0 = Release|Any CPU
	EndGlobalSection
	GlobalSection(SolutionProperties) = preSolution
		HideSolutionNode = FALSE
	EndGlobalSection
EndGlobal
